
Microsoft Visual Studio Solution File, Format Version 12.00
# Visual Studio Version 17
VisualStudioVersion = 17.5.33103.201
MinimumVisualStudioVersion = 10.0.40219.1
Project("{54435603-DBB4-11D2-8724-00A0C9A8B90C}") = "InternetManager", "InternetManager\InternetManager.vdproj", "{818013A7-6B05-4A4F-9E6D-AFF2EBFB677A}"
EndProject
Global
	GlobalSection(SolutionConfigurationPlatforms) = preSolution
		Debug|Default = Debug|Default
		Release|Default = Release|Default
	EndGlobalSection
	GlobalSection(ProjectConfigurationPlatforms) = postSolution
		{818013A7-6B05-4A4F-9E6D-AFF2EBFB677A}.Debug|Default.ActiveCfg = Debug
		{818013A7-6B05-4A4F-9E6D-AFF2EBFB677A}.Debug|Default.Build.0 = Debug
		{818013A7-6B05-4A4F-9E6D-AFF2EBFB677A}.Release|Default.ActiveCfg = Release
		{818013A7-6B05-4A4F-9E6D-AFF2EBFB677A}.Release|Default.Build.0 = Release
	EndGlobalSection
	GlobalSection(SolutionProperties) = preSolution
		HideSolutionNode = FALSE
	EndGlobalSection
	GlobalSection(ExtensibilityGlobals) = postSolution
		SolutionGuid = {85CF2698-A41E-43D8-B9E0-051F404C6204}
	EndGlobalSection
EndGlobal
